lockfileVersion: 5.4

specifiers:
  '@swc/core': ^1.3.32
  emitkit: ^1.3.1
  typescript: ^4.9.5

dependencies:
  emitkit: 1.3.1

devDependencies:
  '@swc/core': 1.3.32
  typescript: 4.9.5

packages:

  /@swc/core-darwin-arm64/1.3.32:
    resolution: {integrity: sha512-o19bhlxuUgjUElm6i+QhXgZ0vD6BebiB/gQpK3en5aAwhOvinwr4sah3GqFXsQzz/prKVDuMkj9SW6F/Ug5hgg==}
    engines: {node: '>=10'}
    cpu: [arm64]
    os: [darwin]
    requiresBuild: true
    optional: true

  /@swc/core-darwin-x64/1.3.32:
    resolution: {integrity: sha512-hVEGd+v5Afh+YekGADOGKwhuS4/AXk91nLuk7pmhWkk8ceQ1cfmah90kXjIXUlCe2G172MLRfHNWlZxr29E/Og==}
    engines: {node: '>=10'}
    cpu: [x64]
    os: [darwin]
    requiresBuild: true
    optional: true

  /@swc/core-linux-arm-gnueabihf/1.3.32:
    resolution: {integrity: sha512-5X01WqI9EbJ69oHAOGlI08YqvEIXMfT/mCJ1UWDQBb21xWRE2W1yFAAeuqOLtiagLrXjPv/UKQ0S2gyWQR5AXQ==}
    engines: {node: '>=10'}
    cpu: [arm]
    os: [linux]
    requiresBuild: true
    optional: true

  /@swc/core-linux-arm64-gnu/1.3.32:
    resolution: {integrity: sha512-PTJ6oPiutkNBg+m22bUUPa4tNuMmsgpSnsnv2wnWVOgK0lhvQT6bAPTUXDq/8peVAgR/SlpP2Ht8TRRqYMRjRQ==}
    engines: {node: '>=10'}
    cpu: [arm64]
    os: [linux]
    requiresBuild: true
    optional: true

  /@swc/core-linux-arm64-musl/1.3.32:
    resolution: {integrity: sha512-lG0VOuYNPWOCJ99Aza69cTljjeft/wuRQeYFF8d+1xCQS/OT7gnbgi7BOz39uSHIPTBqfzdIsuvzdKlp9QydrQ==}
    engines: {node: '>=10'}
    cpu: [arm64]
    os: [linux]
    requiresBuild: true
    optional: true

  /@swc/core-linux-x64-gnu/1.3.32:
    resolution: {integrity: sha512-ecqtSWX4NBrs7Ji2VX3fDWeqUfrbLlYqBuufAziCM27xMxwlAVgmyGQk4FYgoQ3SAUAu3XFH87+3Q7uWm2X7xg==}
    engines: {node: '>=10'}
    cpu: [x64]
    os: [linux]
    requiresBuild: true
    optional: true

  /@swc/core-linux-x64-musl/1.3.32:
    resolution: {integrity: sha512-rl3dMcUuENVkpk5NGW/LXovjK0+JFm4GWPjy4NM3Q5cPvhBpGwSeLZlR+zAw9K0fdGoIXiayRTTfENrQwwsH+g==}
    engines: {node: '>=10'}
    cpu: [x64]
    os: [linux]
    requiresBuild: true
    optional: true

  /@swc/core-win32-arm64-msvc/1.3.32:
    resolution: {integrity: sha512-VlybAZp8DcS66CH1LDnfp9zdwbPlnGXREtHDMHaBfK9+80AWVTg+zn0tCYz+HfcrRONqxbudwOUIPj+dwl/8jw==}
    engines: {node: '>=10'}
    cpu: [arm64]
    os: [win32]
    requiresBuild: true
    optional: true

  /@swc/core-win32-ia32-msvc/1.3.32:
    resolution: {integrity: sha512-MEUMdpUFIQ+RD+K/iHhHKfu0TFNj9VXwIxT5hmPeqyboKo095CoFEFBJ0sHG04IGlnu8T9i+uE2Pi18qUEbFug==}
    engines: {node: '>=10'}
    cpu: [ia32]
    os: [win32]
    requiresBuild: true
    optional: true

  /@swc/core-win32-x64-msvc/1.3.32:
    resolution: {integrity: sha512-DPMoneNFQco7SqmVVOUv1Vn53YmoImEfrAPMY9KrqQzgfzqNTuL2JvfxUqfAxwQ6pEKYAdyKJvZ483rIhgG9XQ==}
    engines: {node: '>=10'}
    cpu: [x64]
    os: [win32]
    requiresBuild: true
    optional: true

  /@swc/core/1.3.32:
    resolution: {integrity: sha512-Yx/n1j+uUkcqlJAW8IRg8Qymgkdow6NHJZPFShiR0YiaYq2sXY+JHmvh16O6GkL91Y+gTlDUS7uVgDz50czJUQ==}
    engines: {node: '>=10'}
    requiresBuild: true
    optionalDependencies:
      '@swc/core-darwin-arm64': 1.3.32
      '@swc/core-darwin-x64': 1.3.32
      '@swc/core-linux-arm-gnueabihf': 1.3.32
      '@swc/core-linux-arm64-gnu': 1.3.32
      '@swc/core-linux-arm64-musl': 1.3.32
      '@swc/core-linux-x64-gnu': 1.3.32
      '@swc/core-linux-x64-musl': 1.3.32
      '@swc/core-win32-arm64-msvc': 1.3.32
      '@swc/core-win32-ia32-msvc': 1.3.32
      '@swc/core-win32-x64-msvc': 1.3.32

  /emitkit/1.3.1:
    resolution: {integrity: sha512-5UCKA+PymrheLJYzq/u6ehmYRiFQ0Ld95xfDDVMWj3eZMCz0wnrvKw1N1WpvfLxRnCjFIqvk4FNREFbLvAupQA==}
    dependencies:
      '@swc/core': 1.3.32
    dev: false

  /typescript/4.9.5:
    resolution: {integrity: sha512-1FXk9E2Hm+QzZQ7z+McJiHL4NW1F2EzMu9Nq9i3zAaGqibafqYwCVU6WyWAuyQRRzOlxou8xZSyXLEN8oKj24g==}
    engines: {node: '>=4.2.0'}
    hasBin: true
    dev: true
